
Microsoft Visual Studio Solution File, Format Version 12.00
# Visual Studio Version 16
VisualStudioVersion = 16.0.31105.61
MinimumVisualStudioVersion = 10.0.40219.1
Project("{FAE04EC0-301F-11D3-BF4B-00C04F79EFBC}") = "SCOTUS.WebMVC", "SCOTUS.WebMVC\SCOTUS.WebMVC.csproj", "{59EECF04-53AD-43C6-8C75-9F06651A137A}"
EndProject
Project("{FAE04EC0-301F-11D3-BF4B-00C04F79EFBC}") = "SCOTUS.Data", "SCOTUS.Data\SCOTUS.Data.csproj", "{DE185F5F-2A80-4F24-97DD-FFE579622F66}"
EndProject
Project("{FAE04EC0-301F-11D3-BF4B-00C04F79EFBC}") = "SCOTUS.Models", "SCOTUS.Models\SCOTUS.Models.csproj", "{01B3CE99-C3CB-443E-98C8-FE7EB7CE93E1}"
EndProject
Project("{FAE04EC0-301F-11D3-BF4B-00C04F79EFBC}") = "SCOTUS.Services", "SCOTUS.Services\SCOTUS.Services.csproj", "{7C830E4B-17D1-4C96-AC42-41D574CF411E}"
EndProject
Global
	GlobalSection(SolutionConfigurationPlatforms) = preSolution
		Debug|Any CPU = Debug|Any CPU
		Release|Any CPU = Release|Any CPU
	EndGlobalSection
	GlobalSection(ProjectConfigurationPlatforms) = postSolution
		{59EECF04-53AD-43C6-8C75-9F06651A137A}.Debug|Any CPU.ActiveCfg = Debug|Any CPU
		{59EECF04-53AD-43C6-8C75-9F06651A137A}.Debug|Any CPU.Build.0 = Debug|Any CPU
		{59EECF04-53AD-43C6-8C75-9F06651A137A}.Release|Any CPU.ActiveCfg = Release|Any CPU
		{59EECF04-53AD-43C6-8C75-9F06651A137A}.Release|Any CPU.Build.0 = Release|Any CPU
		{DE185F5F-2A80-4F24-97DD-FFE579622F66}.Debug|Any CPU.ActiveCfg = Debug|Any CPU
		{DE185F5F-2A80-4F24-97DD-FFE579622F66}.Debug|Any CPU.Build.0 = Debug|Any CPU
		{DE185F5F-2A80-4F24-97DD-FFE579622F66}.Release|Any CPU.ActiveCfg = Release|Any CPU
		{DE185F5F-2A80-4F24-97DD-FFE579622F66}.Release|Any CPU.Build.0 = Release|Any CPU
		{01B3CE99-C3CB-443E-98C8-FE7EB7CE93E1}.Debug|Any CPU.ActiveCfg = Debug|Any CPU
		{01B3CE99-C3CB-443E-98C8-FE7EB7CE93E1}.Debug|Any CPU.Build.0 = Debug|Any CPU
		{01B3CE99-C3CB-443E-98C8-FE7EB7CE93E1}.Release|Any CPU.ActiveCfg = Release|Any CPU
		{01B3CE99-C3CB-443E-98C8-FE7EB7CE93E1}.Release|Any CPU.Build.0 = Release|Any CPU
		{7C830E4B-17D1-4C96-AC42-41D574CF411E}.Debug|Any CPU.ActiveCfg = Debug|Any CPU
		{7C830E4B-17D1-4C96-AC42-41D574CF411E}.Debug|Any CPU.Build.0 = Debug|Any CPU
		{7C830E4B-17D1-4C96-AC42-41D574CF411E}.Release|Any CPU.ActiveCfg = Release|Any CPU
		{7C830E4B-17D1-4C96-AC42-41D574CF411E}.Release|Any CPU.Build.0 = Release|Any CPU
	EndGlobalSection
	GlobalSection(SolutionProperties) = preSolution
		HideSolutionNode = FALSE
	EndGlobalSection
	GlobalSection(ExtensibilityGlobals) = postSolution
		SolutionGuid = {39DF8B64-EA3C-43F7-B572-DECCC95984F6}
	EndGlobalSection
EndGlobal
